
Microsoft Visual Studio Solution File, Format Version 12.00
# Visual Studio 2013
VisualStudioVersion = 12.0.30219.0
MinimumVisualStudioVersion = 10.0.40219.1
Project("{002A2DE9-8BB6-484D-9802-7E4AD4084715}") = "ConsoleApp", "ConsoleApp\ConsoleApp.visualdproj", "{6FA09394-4B2F-497C-AAEA-D5250C87B17D}"
EndProject
Global
	GlobalSection(SolutionConfigurationPlatforms) = preSolution
		Debug|Win32 = Debug|Win32
		Release|Win32 = Release|Win32
	EndGlobalSection
	GlobalSection(ProjectConfigurationPlatforms) = postSolution
		{6FA09394-4B2F-497C-AAEA-D5250C87B17D}.Debug|Win32.ActiveCfg = Debug|Win32
		{6FA09394-4B2F-497C-AAEA-D5250C87B17D}.Debug|Win32.Build.0 = Debug|Win32
		{6FA09394-4B2F-497C-AAEA-D5250C87B17D}.Release|Win32.ActiveCfg = Release|Win32
		{6FA09394-4B2F-497C-AAEA-D5250C87B17D}.Release|Win32.Build.0 = Release|Win32
	EndGlobalSection
	GlobalSection(SolutionProperties) = preSolution
		HideSolutionNode = FALSE
	EndGlobalSection
EndGlobal
